
Microsoft Visual Studio Solution File, Format Version 12.00
# Visual Studio Version 17
VisualStudioVersion = 17.6.33801.468
MinimumVisualStudioVersion = 10.0.40219.1
Project("{9A19103F-16F7-4668-BE54-9A1E7A4F7556}") = "cocktail-project", "cocktail-project\cocktail-project.csproj", "{106C9BA0-BF67-4348-ABC4-B373C25518FC}"
EndProject
Project("{2150E333-8FDC-42A3-9474-1A3956D46DE8}") = "Solution Items", "Solution Items", "{DCF1D93E-359D-4023-A918-8C5820BB52C2}"
	ProjectSection(SolutionItems) = preProject
		.editorconfig = .editorconfig
	EndProjectSection
EndProject
Global
	GlobalSection(SolutionConfigurationPlatforms) = preSolution
		Debug|Any CPU = Debug|Any CPU
		Release|Any CPU = Release|Any CPU
	EndGlobalSection
	GlobalSection(ProjectConfigurationPlatforms) = postSolution
		{106C9BA0-BF67-4348-ABC4-B373C25518FC}.Debug|Any CPU.ActiveCfg = Debug|Any CPU
		{106C9BA0-BF67-4348-ABC4-B373C25518FC}.Debug|Any CPU.Build.0 = Debug|Any CPU
		{106C9BA0-BF67-4348-ABC4-B373C25518FC}.Release|Any CPU.ActiveCfg = Release|Any CPU
		{106C9BA0-BF67-4348-ABC4-B373C25518FC}.Release|Any CPU.Build.0 = Release|Any CPU
	EndGlobalSection
	GlobalSection(SolutionProperties) = preSolution
		HideSolutionNode = FALSE
	EndGlobalSection
	GlobalSection(ExtensibilityGlobals) = postSolution
		SolutionGuid = {22815DE7-D4DB-4127-B1FA-1E6884E4AFCA}
	EndGlobalSection
EndGlobal
